{
    "_readme": [
        "This file locks the dependencies of your project to a known state",
        "Read more about it at https://getcomposer.org/doc/01-basic-usage.md#installing-dependencies",
        "This file is @generated automatically"
    ],
    "content-hash": "402dd0965f8aeb4ce35e7209135a91d3",
    "packages": [
        {
            "name": "deanblackborough/php-quill-renderer",
            "version": "v3.17.3",
            "source": {
                "type": "git",
                "url": "https://github.com/deanblackborough/php-quill-renderer.git",
                "reference": "adfcfc97b5ca29082cdaaabd03871eda329e1fd9"
            },
            "dist": {
                "type": "zip",
                "url": "https://api.github.com/repos/deanblackborough/php-quill-renderer/zipball/adfcfc97b5ca29082cdaaabd03871eda329e1fd9",
                "reference": "adfcfc97b5ca29082cdaaabd03871eda329e1fd9",
                "shasum": ""
            },
            "require": {
                "ext-json": "*",
                "php": "^7.1"
            },
            "require-dev": {
                "php-coveralls/php-coveralls": "^2",
                "phpunit/phpunit": "^7"
            },
            "suggest": {
                "php": "^7.2"
            },
            "type": "library",
            "autoload": {
                "psr-4": {
                    "DBlackborough\\Quill\\": "src/"
                }
            },
            "notification-url": "https://packagist.org/downloads/",
            "license": [
                "MIT"
            ],
            "authors": [
                {
                    "name": "Dean Blackborough",
                    "email": "dean@g3d-development.com"
                }
            ],
            "description": "Render quill insert deltas to HTML, Markdown and GitHub flavoured Markdown",
            "homepage": "http://www.transmute-coffee.com/php-quill-renderer.php",
            "keywords": [
                "delta",
                "html",
                "markdown",
                "parse",
                "php",
                "quill",
                "quilljs",
                "renderer"
            ],
            "time": "2019-04-10T12:58:57+00:00"
        }
    ],
    "packages-dev": [],
    "aliases": [],
    "minimum-stability": "stable",
    "stability-flags": [],
    "prefer-stable": false,
    "prefer-lowest": false,
    "platform": {
        "php": ">=7.0"
    },
    "platform-dev": []
}
